<?xml version="1.0" encoding="utf-8"?>
<Project ToolsVersion="16.0" xmlns="http://schemas.microsoft.com/developer/msbuild/2003">
  <ItemGroup>
    <ClCompile Include="C:\Users\JJ\Documents\GitHub\Skidibidibop\game\plugins\plugin.cpp">
      <Filter>Source Files</Filter>
    </ClCompile>
    <ClCompile Include="C:\Users\JJ\Documents\GitHub\Skidibidibop\game\plugins\audio\audio.cpp">
      <Filter>Source Files</Filter>
    </ClCompile>
    <ClCompile Include="C:\Users\JJ\Documents\GitHub\Skidibidibop\game\src\main.cpp">
      <Filter>Source Files</Filter>
    </ClCompile>
    <ClCompile Include="C:\Users\JJ\Documents\GitHub\Skidibidibop\game\src\core\core.cpp">
      <Filter>Source Files</Filter>
    </ClCompile>
    <ClCompile Include="C:\Users\JJ\Documents\GitHub\Skidibidibop\game\src\core\scene.cpp">
      <Filter>Source Files</Filter>
    </ClCompile>
    <ClCompile Include="C:\Users\JJ\Documents\GitHub\Skidibidibop\game\src\ecs\entity.cpp">
      <Filter>Source Files</Filter>
    </ClCompile>
    <ClCompile Include="C:\Users\JJ\Documents\GitHub\Skidibidibop\game\src\ecs\components\animation_component.cpp">
      <Filter>Source Files</Filter>
    </ClCompile>
    <ClCompile Include="C:\Users\JJ\Documents\GitHub\Skidibidibop\game\src\ecs\components\camera_component.cpp">
      <Filter>Source Files</Filter>
    </ClCompile>
    <ClCompile Include="C:\Users\JJ\Documents\GitHub\Skidibidibop\game\src\ecs\components\collision_component.cpp">
      <Filter>Source Files</Filter>
    </ClCompile>
    <ClCompile Include="C:\Users\JJ\Documents\GitHub\Skidibidibop\game\src\ecs\components\component.cpp">
      <Filter>Source Files</Filter>
    </ClCompile>
    <ClCompile Include="C:\Users\JJ\Documents\GitHub\Skidibidibop\game\src\ecs\components\direction_component.cpp">
      <Filter>Source Files</Filter>
    </ClCompile>
    <ClCompile Include="C:\Users\JJ\Documents\GitHub\Skidibidibop\game\src\ecs\components\line_component.cpp">
      <Filter>Source Files</Filter>
    </ClCompile>
    <ClCompile Include="C:\Users\JJ\Documents\GitHub\Skidibidibop\game\src\ecs\components\physics_component.cpp">
      <Filter>Source Files</Filter>
    </ClCompile>
    <ClCompile Include="C:\Users\JJ\Documents\GitHub\Skidibidibop\game\src\ecs\components\render_component.cpp">
      <Filter>Source Files</Filter>
    </ClCompile>
    <ClCompile Include="C:\Users\JJ\Documents\GitHub\Skidibidibop\game\src\ecs\components\transform_component.cpp">
      <Filter>Source Files</Filter>
    </ClCompile>
    <ClCompile Include="C:\Users\JJ\Documents\GitHub\Skidibidibop\game\src\ecs\systems\animation_system.cpp">
      <Filter>Source Files</Filter>
    </ClCompile>
    <ClCompile Include="C:\Users\JJ\Documents\GitHub\Skidibidibop\game\src\ecs\systems\camera_system.cpp">
      <Filter>Source Files</Filter>
    </ClCompile>
    <ClCompile Include="C:\Users\JJ\Documents\GitHub\Skidibidibop\game\src\ecs\systems\collision_system.cpp">
      <Filter>Source Files</Filter>
    </ClCompile>
    <ClCompile Include="C:\Users\JJ\Documents\GitHub\Skidibidibop\game\src\ecs\systems\line_debug_system.cpp">
      <Filter>Source Files</Filter>
    </ClCompile>
    <ClCompile Include="C:\Users\JJ\Documents\GitHub\Skidibidibop\game\src\ecs\systems\map_system.cpp">
      <Filter>Source Files</Filter>
    </ClCompile>
    <ClCompile Include="C:\Users\JJ\Documents\GitHub\Skidibidibop\game\src\ecs\systems\menu_system.cpp">
      <Filter>Source Files</Filter>
    </ClCompile>
    <ClCompile Include="C:\Users\JJ\Documents\GitHub\Skidibidibop\game\src\ecs\systems\physics_system.cpp">
      <Filter>Source Files</Filter>
    </ClCompile>
    <ClCompile Include="C:\Users\JJ\Documents\GitHub\Skidibidibop\game\src\ecs\systems\render_system.cpp">
      <Filter>Source Files</Filter>
    </ClCompile>
    <ClCompile Include="C:\Users\JJ\Documents\GitHub\Skidibidibop\game\src\ecs\systems\system.cpp">
      <Filter>Source Files</Filter>
    </ClCompile>
    <ClCompile Include="C:\Users\JJ\Documents\GitHub\Skidibidibop\game\src\logger\logger.cpp">
      <Filter>Source Files</Filter>
    </ClCompile>
    <ClCompile Include="C:\Users\JJ\Documents\GitHub\Skidibidibop\game\src\scenes\test_scene.cpp">
      <Filter>Source Files</Filter>
    </ClCompile>
    <ClCompile Include="C:\Users\JJ\Documents\GitHub\Skidibidibop\game\src\scenes\title_scene.cpp">
      <Filter>Source Files</Filter>
    </ClCompile>
  </ItemGroup>
  <ItemGroup>
    <CustomBuild Include="C:\Users\JJ\Documents\GitHub\Skidibidibop\game\CMakeLists.txt" />
  </ItemGroup>
  <ItemGroup>
    <Filter Include="Source Files">
      <UniqueIdentifier>{43344F8B-B9D4-3A11-82E9-D8E641908D30}</UniqueIdentifier>
    </Filter>
  </ItemGroup>
</Project>
