
Microsoft Visual Studio Solution File, Format Version 12.00
# Visual Studio Version 16
Project("{8BC9CEB8-8B4A-11D0-8D11-00A0C91BC942}") = "ALL_BUILD", "ALL_BUILD.vcxproj", "{07DCEA25-B25D-3C5F-B6C2-DD7F3DCD8853}"
	ProjectSection(ProjectDependencies) = postProject
		{B6C4C146-9C7F-3E1E-8C64-5F73DDA517E0} = {B6C4C146-9C7F-3E1E-8C64-5F73DDA517E0}
		{DFA52D16-3010-35F2-B987-713065029E4F} = {DFA52D16-3010-35F2-B987-713065029E4F}
	EndProjectSection
EndProject
Project("{8BC9CEB8-8B4A-11D0-8D11-00A0C91BC942}") = "ZERO_CHECK", "ZERO_CHECK.vcxproj", "{B6C4C146-9C7F-3E1E-8C64-5F73DDA517E0}"
	ProjectSection(ProjectDependencies) = postProject
	EndProjectSection
EndProject
Project("{8BC9CEB8-8B4A-11D0-8D11-00A0C91BC942}") = "game", "game.vcxproj", "{DFA52D16-3010-35F2-B987-713065029E4F}"
	ProjectSection(ProjectDependencies) = postProject
		{B6C4C146-9C7F-3E1E-8C64-5F73DDA517E0} = {B6C4C146-9C7F-3E1E-8C64-5F73DDA517E0}
	EndProjectSection
EndProject
Global
	GlobalSection(SolutionConfigurationPlatforms) = preSolution
		Debug|Win32 = Debug|Win32
		Release|Win32 = Release|Win32
		MinSizeRel|Win32 = MinSizeRel|Win32
		RelWithDebInfo|Win32 = RelWithDebInfo|Win32
	EndGlobalSection
	GlobalSection(ProjectConfigurationPlatforms) = postSolution
		{07DCEA25-B25D-3C5F-B6C2-DD7F3DCD8853}.Debug|Win32.ActiveCfg = Debug|Win32
		{07DCEA25-B25D-3C5F-B6C2-DD7F3DCD8853}.Release|Win32.ActiveCfg = Release|Win32
		{07DCEA25-B25D-3C5F-B6C2-DD7F3DCD8853}.MinSizeRel|Win32.ActiveCfg = MinSizeRel|Win32
		{07DCEA25-B25D-3C5F-B6C2-DD7F3DCD8853}.RelWithDebInfo|Win32.ActiveCfg = RelWithDebInfo|Win32
		{B6C4C146-9C7F-3E1E-8C64-5F73DDA517E0}.Debug|Win32.ActiveCfg = Debug|Win32
		{B6C4C146-9C7F-3E1E-8C64-5F73DDA517E0}.Debug|Win32.Build.0 = Debug|Win32
		{B6C4C146-9C7F-3E1E-8C64-5F73DDA517E0}.Release|Win32.ActiveCfg = Release|Win32
		{B6C4C146-9C7F-3E1E-8C64-5F73DDA517E0}.Release|Win32.Build.0 = Release|Win32
		{B6C4C146-9C7F-3E1E-8C64-5F73DDA517E0}.MinSizeRel|Win32.ActiveCfg = MinSizeRel|Win32
		{B6C4C146-9C7F-3E1E-8C64-5F73DDA517E0}.MinSizeRel|Win32.Build.0 = MinSizeRel|Win32
		{B6C4C146-9C7F-3E1E-8C64-5F73DDA517E0}.RelWithDebInfo|Win32.ActiveCfg = RelWithDebInfo|Win32
		{B6C4C146-9C7F-3E1E-8C64-5F73DDA517E0}.RelWithDebInfo|Win32.Build.0 = RelWithDebInfo|Win32
		{DFA52D16-3010-35F2-B987-713065029E4F}.Debug|Win32.ActiveCfg = Debug|Win32
		{DFA52D16-3010-35F2-B987-713065029E4F}.Debug|Win32.Build.0 = Debug|Win32
		{DFA52D16-3010-35F2-B987-713065029E4F}.Release|Win32.ActiveCfg = Release|Win32
		{DFA52D16-3010-35F2-B987-713065029E4F}.Release|Win32.Build.0 = Release|Win32
		{DFA52D16-3010-35F2-B987-713065029E4F}.MinSizeRel|Win32.ActiveCfg = MinSizeRel|Win32
		{DFA52D16-3010-35F2-B987-713065029E4F}.MinSizeRel|Win32.Build.0 = MinSizeRel|Win32
		{DFA52D16-3010-35F2-B987-713065029E4F}.RelWithDebInfo|Win32.ActiveCfg = RelWithDebInfo|Win32
		{DFA52D16-3010-35F2-B987-713065029E4F}.RelWithDebInfo|Win32.Build.0 = RelWithDebInfo|Win32
	EndGlobalSection
	GlobalSection(ExtensibilityGlobals) = postSolution
		SolutionGuid = {1CA71782-FA8F-3313-A217-B61B493EEC8C}
	EndGlobalSection
	GlobalSection(ExtensibilityAddIns) = postSolution
	EndGlobalSection
EndGlobal
