<?xml version="1.0" encoding="utf-8"?>
<Project ToolsVersion="16.0" xmlns="http://schemas.microsoft.com/developer/msbuild/2003">
  <ItemGroup>
    <CustomBuild Include="C:\Users\Mihir\Downloads\Skidibidibop-master(4)\Skidibidibop-master\game\CMakeFiles\7cec93c8f2b0ced366391119c8514b44\generate.stamp.rule">
      <Filter>CMake Rules</Filter>
    </CustomBuild>
  </ItemGroup>
  <ItemGroup>
    <Filter Include="CMake Rules">
      <UniqueIdentifier>{771F819D-866D-32C4-AD59-BD850E188042}</UniqueIdentifier>
    </Filter>
  </ItemGroup>
</Project>
